
Microsoft Visual Studio Solution File, Format Version 12.00
# Visual Studio Version 16
VisualStudioVersion = 16.0.30503.244
MinimumVisualStudioVersion = 10.0.40219.1
Project("{FAE04EC0-301F-11D3-BF4B-00C04F79EFBC}") = "DZ_3", "DZ_3.csproj", "{348F69C3-7A26-4717-B0BB-2C59C08002A7}"
EndProject
Global
	GlobalSection(SolutionConfigurationPlatforms) = preSolution
		Debug|Any CPU = Debug|Any CPU
		Release|Any CPU = Release|Any CPU
	EndGlobalSection
	GlobalSection(ProjectConfigurationPlatforms) = postSolution
		{348F69C3-7A26-4717-B0BB-2C59C08002A7}.Debug|Any CPU.ActiveCfg = Debug|Any CPU
		{348F69C3-7A26-4717-B0BB-2C59C08002A7}.Debug|Any CPU.Build.0 = Debug|Any CPU
		{348F69C3-7A26-4717-B0BB-2C59C08002A7}.Release|Any CPU.ActiveCfg = Release|Any CPU
		{348F69C3-7A26-4717-B0BB-2C59C08002A7}.Release|Any CPU.Build.0 = Release|Any CPU
	EndGlobalSection
	GlobalSection(SolutionProperties) = preSolution
		HideSolutionNode = FALSE
	EndGlobalSection
	GlobalSection(ExtensibilityGlobals) = postSolution
		SolutionGuid = {6D9A831C-8045-458B-8344-9796270A9FEB}
	EndGlobalSection
EndGlobal
